{
  "originHash" : "3540e9cbe8a3be9aae05378ab212665f5d8bb45f877ef3a91f2385d86a43e9af",
  "pins" : [
    {
      "identity" : "play-button",
      "kind" : "remoteSourceControl",
      "location" : "https://github.com/public-value-tech/play-button.git",
      "state" : {
        "branch" : "main",
        "revision" : "9941026d403260aba618e2216f73498ab9e9da29"
      }
    }
  ],
  "version" : 3
}
